// !$*UTF8*$!
{
	archiveVersion = 1;
	classes = {
	};
	objectVersion = 48;
	objects = {

/* Begin PBXBuildFile section */
		B910DD9520AD887E001925E8 /* AppDelegate.m in Sources */ = {isa = PBXBuildFile; fileRef = B910DD9420AD887E001925E8 /* AppDelegate.m */; };
		B910DD9820AD887E001925E8 /* ViewController.m in Sources */ = {isa = PBXBuildFile; fileRef = B910DD9720AD887E001925E8 /* ViewController.m */; };
		B910DD9B20AD887E001925E8 /* Main.storyboard in Resources */ = {isa = PBXBuildFile; fileRef = B910DD9920AD887E001925E8 /* Main.storyboard */; };
		B910DD9D20AD887E001925E8 /* Assets.xcassets in Resources */ = {isa = PBXBuildFile; fileRef = B910DD9C20AD887E001925E8 /* Assets.xcassets */; };
		B910DDA020AD887E001925E8 /* LaunchScreen.storyboard in Resources */ = {isa = PBXBuildFile; fileRef = B910DD9E20AD887E001925E8 /* LaunchScreen.storyboard */; };
		B910DDA320AD887F001925E8 /* main.m in Sources */ = {isa = PBXBuildFile; fileRef = B910DDA220AD887F001925E8 /* main.m */; };
		B910DDB120AD969A001925E8 /* ChatLogController.m in Sources */ = {isa = PBXBuildFile; fileRef = B910DDB020AD969A001925E8 /* ChatLogController.m */; };
		B9BE44B220AE8A9800DD0646 /* ChatMessageCell.m in Sources */ = {isa = PBXBuildFile; fileRef = B9BE44B120AE8A9800DD0646 /* ChatMessageCell.m */; };
		B9BE44B720AE9D4800DD0646 /* chatcontrollerSwift.m in Sources */ = {isa = PBXBuildFile; fileRef = B9BE44B620AE9D4800DD0646 /* chatcontrollerSwift.m */; };
/* End PBXBuildFile section */

/* Begin PBXFileReference section */
		B910DD9020AD887E001925E8 /* ChatScreenObjC.app */ = {isa = PBXFileReference; explicitFileType = wrapper.application; includeInIndex = 0; path = ChatScreenObjC.app; sourceTree = BUILT_PRODUCTS_DIR; };
		B910DD9320AD887E001925E8 /* AppDelegate.h */ = {isa = PBXFileReference; lastKnownFileType = sourcecode.c.h; path = AppDelegate.h; sourceTree = "<group>"; };
		B910DD9420AD887E001925E8 /* AppDelegate.m */ = {isa = PBXFileReference; lastKnownFileType = sourcecode.c.objc; path = AppDelegate.m; sourceTree = "<group>"; };
		B910DD9620AD887E001925E8 /* ViewController.h */ = {isa = PBXFileReference; lastKnownFileType = sourcecode.c.h; path = ViewController.h; sourceTree = "<group>"; };
		B910DD9720AD887E001925E8 /* ViewController.m */ = {isa = PBXFileReference; lastKnownFileType = sourcecode.c.objc; path = ViewController.m; sourceTree = "<group>"; };
		B910DD9A20AD887E001925E8 /* Base */ = {isa = PBXFileReference; lastKnownFileType = file.storyboard; name = Base; path = Base.lproj/Main.storyboard; sourceTree = "<group>"; };
		B910DD9C20AD887E001925E8 /* Assets.xcassets */ = {isa = PBXFileReference; lastKnownFileType = folder.assetcatalog; path = Assets.xcassets; sourceTree = "<group>"; };
		B910DD9F20AD887E001925E8 /* Base */ = {isa = PBXFileReference; lastKnownFileType = file.storyboard; name = Base; path = Base.lproj/LaunchScreen.storyboard; sourceTree = "<group>"; };
		B910DDA120AD887F001925E8 /* Info.plist */ = {isa = PBXFileReference; lastKnownFileType = text.plist.xml; path = Info.plist; sourceTree = "<group>"; };
		B910DDA220AD887F001925E8 /* main.m */ = {isa = PBXFileReference; lastKnownFileType = sourcecode.c.objc; path = main.m; sourceTree = "<group>"; };
		B910DDAF20AD969A001925E8 /* ChatLogController.h */ = {isa = PBXFileReference; lastKnownFileType = sourcecode.c.h; path = ChatLogController.h; sourceTree = "<group>"; };
		B910DDB020AD969A001925E8 /* ChatLogController.m */ = {isa = PBXFileReference; lastKnownFileType = sourcecode.c.objc; path = ChatLogController.m; sourceTree = "<group>"; };
		B9BE44B020AE8A9800DD0646 /* ChatMessageCell.h */ = {isa = PBXFileReference; lastKnownFileType = sourcecode.c.h; path = ChatMessageCell.h; sourceTree = "<group>"; };
		B9BE44B120AE8A9800DD0646 /* ChatMessageCell.m */ = {isa = PBXFileReference; lastKnownFileType = sourcecode.c.objc; path = ChatMessageCell.m; sourceTree = "<group>"; };
		B9BE44B520AE9D4800DD0646 /* chatcontrollerSwift.h */ = {isa = PBXFileReference; lastKnownFileType = sourcecode.c.h; path = chatcontrollerSwift.h; sourceTree = "<group>"; };
		B9BE44B620AE9D4800DD0646 /* chatcontrollerSwift.m */ = {isa = PBXFileReference; lastKnownFileType = sourcecode.c.objc; path = chatcontrollerSwift.m; sourceTree = "<group>"; };
/* End PBXFileReference section */

/* Begin PBXFrameworksBuildPhase section */
		B910DD8D20AD887E001925E8 /* Frameworks */ = {
			isa = PBXFrameworksBuildPhase;
			buildActionMask = 2147483647;
			files = (
			);
			runOnlyForDeploymentPostprocessing = 0;
		};
/* End PBXFrameworksBuildPhase section */

/* Begin PBXGroup section */
		B910DD8720AD887E001925E8 = {
			isa = PBXGroup;
			children = (
				B910DD9220AD887E001925E8 /* ChatScreenObjC */,
				B910DD9120AD887E001925E8 /* Products */,
			);
			sourceTree = "<group>";
		};
		B910DD9120AD887E001925E8 /* Products */ = {
			isa = PBXGroup;
			children = (
				B910DD9020AD887E001925E8 /* ChatScreenObjC.app */,
			);
			name = Products;
			sourceTree = "<group>";
		};
		B910DD9220AD887E001925E8 /* ChatScreenObjC */ = {
			isa = PBXGroup;
			children = (
				B910DD9320AD887E001925E8 /* AppDelegate.h */,
				B910DD9420AD887E001925E8 /* AppDelegate.m */,
				B910DD9620AD887E001925E8 /* ViewController.h */,
				B910DD9720AD887E001925E8 /* ViewController.m */,
				B910DDAF20AD969A001925E8 /* ChatLogController.h */,
				B910DDB020AD969A001925E8 /* ChatLogController.m */,
				B9BE44B620AE9D4800DD0646 /* chatcontrollerSwift.m */,
				B9BE44B520AE9D4800DD0646 /* chatcontrollerSwift.h */,
				B9BE44B020AE8A9800DD0646 /* ChatMessageCell.h */,
				B9BE44B120AE8A9800DD0646 /* ChatMessageCell.m */,
				B910DD9920AD887E001925E8 /* Main.storyboard */,
				B910DD9C20AD887E001925E8 /* Assets.xcassets */,
				B910DD9E20AD887E001925E8 /* LaunchScreen.storyboard */,
				B910DDA120AD887F001925E8 /* Info.plist */,
				B910DDA220AD887F001925E8 /* main.m */,
			);
			path = ChatScreenObjC;
			sourceTree = "<group>";
		};
/* End PBXGroup section */

/* Begin PBXNativeTarget section */
		B910DD8F20AD887E001925E8 /* ChatScreenObjC */ = {
			isa = PBXNativeTarget;
			buildConfigurationList = B910DDA620AD887F001925E8 /* Build configuration list for PBXNativeTarget "ChatScreenObjC" */;
			buildPhases = (
				B910DD8C20AD887E001925E8 /* Sources */,
				B910DD8D20AD887E001925E8 /* Frameworks */,
				B910DD8E20AD887E001925E8 /* Resources */,
			);
			buildRules = (
			);
			dependencies = (
			);
			name = ChatScreenObjC;
			productName = ChatScreenObjC;
			productReference = B910DD9020AD887E001925E8 /* ChatScreenObjC.app */;
			productType = "com.apple.product-type.application";
		};
/* End PBXNativeTarget section */

/* Begin PBXProject section */
		B910DD8820AD887E001925E8 /* Project object */ = {
			isa = PBXProject;
			attributes = {
				LastUpgradeCheck = 0920;
				ORGANIZATIONNAME = Unoiatech;
				TargetAttributes = {
					B910DD8F20AD887E001925E8 = {
						CreatedOnToolsVersion = 9.2;
						LastSwiftMigration = 0920;
						ProvisioningStyle = Automatic;
					};
				};
			};
			buildConfigurationList = B910DD8B20AD887E001925E8 /* Build configuration list for PBXProject "ChatScreenObjC" */;
			compatibilityVersion = "Xcode 8.0";
			developmentRegion = en;
			hasScannedForEncodings = 0;
			knownRegions = (
				en,
				Base,
			);
			mainGroup = B910DD8720AD887E001925E8;
			productRefGroup = B910DD9120AD887E001925E8 /* Products */;
			projectDirPath = "";
			projectRoot = "";
			targets = (
				B910DD8F20AD887E001925E8 /* ChatScreenObjC */,
			);
		};
/* End PBXProject section */

/* Begin PBXResourcesBuildPhase section */
		B910DD8E20AD887E001925E8 /* Resources */ = {
			isa = PBXResourcesBuildPhase;
			buildActionMask = 2147483647;
			files = (
				B910DDA020AD887E001925E8 /* LaunchScreen.storyboard in Resources */,
				B910DD9D20AD887E001925E8 /* Assets.xcassets in Resources */,
				B910DD9B20AD887E001925E8 /* Main.storyboard in Resources */,
			);
			runOnlyForDeploymentPostprocessing = 0;
		};
/* End PBXResourcesBuildPhase section */

/* Begin PBXSourcesBuildPhase section */
		B910DD8C20AD887E001925E8 /* Sources */ = {
			isa = PBXSourcesBuildPhase;
			buildActionMask = 2147483647;
			files = (
				B910DDB120AD969A001925E8 /* ChatLogController.m in Sources */,
				B910DD9820AD887E001925E8 /* ViewController.m in Sources */,
				B910DDA320AD887F001925E8 /* main.m in Sources */,
				B9BE44B720AE9D4800DD0646 /* chatcontrollerSwift.m in Sources */,
				B9BE44B220AE8A9800DD0646 /* ChatMessageCell.m in Sources */,
				B910DD9520AD887E001925E8 /* AppDelegate.m in Sources */,
			);
			runOnlyForDeploymentPostprocessing = 0;
		};
/* End PBXSourcesBuildPhase section */

/* Begin PBXVariantGroup section */
		B910DD9920AD887E001925E8 /* Main.storyboard */ = {
			isa = PBXVariantGroup;
			children = (
				B910DD9A20AD887E001925E8 /* Base */,
			);
			name = Main.storyboard;
			sourceTree = "<group>";
		};
		B910DD9E20AD887E001925E8 /* LaunchScreen.storyboard */ = {
			isa = PBXVariantGroup;
			children = (
				B910DD9F20AD887E001925E8 /* Base */,
			);
			name = LaunchScreen.storyboard;
			sourceTree = "<group>";
		};
/* End PBXVariantGroup section */

/* Begin XCBuildConfiguration section */
		B910DDA420AD887F001925E8 /* Debug */ = {
			isa = XCBuildConfiguration;
			buildSettings = {
				ALWAYS_SEARCH_USER_PATHS = NO;
				CLANG_ANALYZER_NONNULL = YES;
				CLANG_ANALYZER_NUMBER_OBJECT_CONVERSION = YES_AGGRESSIVE;
				CLANG_CXX_LANGUAGE_STANDARD = "gnu++14";
				CLANG_CXX_LIBRARY = "libc++";
				CLANG_ENABLE_MODULES = YES;
				CLANG_ENABLE_OBJC_ARC = YES;
				CLANG_WARN_BLOCK_CAPTURE_AUTORELEASING = YES;
				CLANG_WARN_BOOL_CONVERSION = YES;
				CLANG_WARN_COMMA = YES;
				CLANG_WARN_CONSTANT_CONVERSION = YES;
				CLANG_WARN_DIRECT_OBJC_ISA_USAGE = YES_ERROR;
				CLANG_WARN_DOCUMENTATION_COMMENTS = YES;
				CLANG_WARN_EMPTY_BODY = YES;
				CLANG_WARN_ENUM_CONVERSION = YES;
				CLANG_WARN_INFINITE_RECURSION = YES;
				CLANG_WARN_INT_CONVERSION = YES;
				CLANG_WARN_NON_LITERAL_NULL_CONVERSION = YES;
				CLANG_WARN_OBJC_LITERAL_CONVERSION = YES;
				CLANG_WARN_OBJC_ROOT_CLASS = YES_ERROR;
				CLANG_WARN_RANGE_LOOP_ANALYSIS = YES;
				CLANG_WARN_STRICT_PROTOTYPES = YES;
				CLANG_WARN_SUSPICIOUS_MOVE = YES;
				CLANG_WARN_UNGUARDED_AVAILABILITY = YES_AGGRESSIVE;
				CLANG_WARN_UNREACHABLE_CODE = YES;
				CLANG_WARN__DUPLICATE_METHOD_MATCH = YES;
				CODE_SIGN_IDENTITY = "iPhone Developer";
				COPY_PHASE_STRIP = NO;
				DEBUG_INFORMATION_FORMAT = dwarf;
				ENABLE_STRICT_OBJC_MSGSEND = YES;
				ENABLE_TESTABILITY = YES;
				GCC_C_LANGUAGE_STANDARD = gnu11;
				GCC_DYNAMIC_NO_PIC = NO;
				GCC_NO_COMMON_BLOCKS = YES;
				GCC_OPTIMIZATION_LEVEL = 0;
				GCC_PREPROCESSOR_DEFINITIONS = (
					"DEBUG=1",
					"$(inherited)",
				);
				GCC_WARN_64_TO_32_BIT_CONVERSION = YES;
				GCC_WARN_ABOUT_RETURN_TYPE = YES_ERROR;
				GCC_WARN_UNDECLARED_SELECTOR = YES;
				GCC_WARN_UNINITIALIZED_AUTOS = YES_AGGRESSIVE;
				GCC_WARN_UNUSED_FUNCTION = YES;
				GCC_WARN_UNUSED_VARIABLE = YES;
				IPHONEOS_DEPLOYMENT_TARGET = 11.2;
				MTL_ENABLE_DEBUG_INFO = YES;
				ONLY_ACTIVE_ARCH = YES;
				SDKROOT = iphoneos;
			};
			name = Debug;
		};
		B910DDA520AD887F001925E8 /* Release */ = {
			isa = XCBuildConfiguration;
			buildSettings = {
				ALWAYS_SEARCH_USER_PATHS = NO;
				CLANG_ANALYZER_NONNULL = YES;
				CLANG_ANALYZER_NUMBER_OBJECT_CONVERSION = YES_AGGRESSIVE;
				CLANG_CXX_LANGUAGE_STANDARD = "gnu++14";
				CLANG_CXX_LIBRARY = "libc++";
				CLANG_ENABLE_MODULES = YES;
				CLANG_ENABLE_OBJC_ARC = YES;
				CLANG_WARN_BLOCK_CAPTURE_AUTORELEASING = YES;
				CLANG_WARN_BOOL_CONVERSION = YES;
				CLANG_WARN_COMMA = YES;
				CLANG_WARN_CONSTANT_CONVERSION = YES;
				CLANG_WARN_DIRECT_OBJC_ISA_USAGE = YES_ERROR;
				CLANG_WARN_DOCUMENTATION_COMMENTS = YES;
				CLANG_WARN_EMPTY_BODY = YES;
				CLANG_WARN_ENUM_CONVERSION = YES;
				CLANG_WARN_INFINITE_RECURSION = YES;
				CLANG_WARN_INT_CONVERSION = YES;
				CLANG_WARN_NON_LITERAL_NULL_CONVERSION = YES;
				CLANG_WARN_OBJC_LITERAL_CONVERSION = YES;
				CLANG_WARN_OBJC_ROOT_CLASS = YES_ERROR;
				CLANG_WARN_RANGE_LOOP_ANALYSIS = YES;
				CLANG_WARN_STRICT_PROTOTYPES = YES;
				CLANG_WARN_SUSPICIOUS_MOVE = YES;
				CLANG_WARN_UNGUARDED_AVAILABILITY = YES_AGGRESSIVE;
				CLANG_WARN_UNREACHABLE_CODE = YES;
				CLANG_WARN__DUPLICATE_METHOD_MATCH = YES;
				CODE_SIGN_IDENTITY = "iPhone Developer";
				COPY_PHASE_STRIP = NO;
				DEBUG_INFORMATION_FORMAT = "dwarf-with-dsym";
				ENABLE_NS_ASSERTIONS = NO;
				ENABLE_STRICT_OBJC_MSGSEND = YES;
				GCC_C_LANGUAGE_STANDARD = gnu11;
				GCC_NO_COMMON_BLOCKS = YES;
				GCC_WARN_64_TO_32_BIT_CONVERSION = YES;
				GCC_WARN_ABOUT_RETURN_TYPE = YES_ERROR;
				GCC_WARN_UNDECLARED_SELECTOR = YES;
				GCC_WARN_UNINITIALIZED_AUTOS = YES_AGGRESSIVE;
				GCC_WARN_UNUSED_FUNCTION = YES;
				GCC_WARN_UNUSED_VARIABLE = YES;
				IPHONEOS_DEPLOYMENT_TARGET = 11.2;
				MTL_ENABLE_DEBUG_INFO = NO;
				SDKROOT = iphoneos;
				VALIDATE_PRODUCT = YES;
			};
			name = Release;
		};
		B910DDA720AD887F001925E8 /* Debug */ = {
			isa = XCBuildConfiguration;
			buildSettings = {
				ASSETCATALOG_COMPILER_APPICON_NAME = AppIcon;
				CLANG_ENABLE_MODULES = YES;
				"CODE_SIGN_IDENTITY[sdk=iphoneos*]" = "iPhone Developer";
				CODE_SIGN_STYLE = Automatic;
				DEVELOPMENT_TEAM = N8AT3B7Q2A;
				INFOPLIST_FILE = ChatScreenObjC/Info.plist;
				IPHONEOS_DEPLOYMENT_TARGET = 10.3;
				LD_RUNPATH_SEARCH_PATHS = "$(inherited) @executable_path/Frameworks";
				PRODUCT_BUNDLE_IDENTIFIER = com.tushar.ChatScreenObjC;
				PRODUCT_NAME = "$(TARGET_NAME)";
				PROVISIONING_PROFILE_SPECIFIER = "";
				SWIFT_OPTIMIZATION_LEVEL = "-Onone";
				SWIFT_VERSION = 3.0;
				TARGETED_DEVICE_FAMILY = "1,2";
			};
			name = Debug;
		};
		B910DDA820AD887F001925E8 /* Release */ = {
			isa = XCBuildConfiguration;
			buildSettings = {
				ASSETCATALOG_COMPILER_APPICON_NAME = AppIcon;
				CLANG_ENABLE_MODULES = YES;
				"CODE_SIGN_IDENTITY[sdk=iphoneos*]" = "iPhone Developer";
				CODE_SIGN_STYLE = Automatic;
				DEVELOPMENT_TEAM = N8AT3B7Q2A;
				INFOPLIST_FILE = ChatScreenObjC/Info.plist;
				IPHONEOS_DEPLOYMENT_TARGET = 10.3;
				LD_RUNPATH_SEARCH_PATHS = "$(inherited) @executable_path/Frameworks";
				PRODUCT_BUNDLE_IDENTIFIER = com.tushar.ChatScreenObjC;
				PRODUCT_NAME = "$(TARGET_NAME)";
				PROVISIONING_PROFILE_SPECIFIER = "";
				SWIFT_VERSION = 3.0;
				TARGETED_DEVICE_FAMILY = "1,2";
			};
			name = Release;
		};
/* End XCBuildConfiguration section */

/* Begin XCConfigurationList section */
		B910DD8B20AD887E001925E8 /* Build configuration list for PBXProject "ChatScreenObjC" */ = {
			isa = XCConfigurationList;
			buildConfigurations = (
				B910DDA420AD887F001925E8 /* Debug */,
				B910DDA520AD887F001925E8 /* Release */,
			);
			defaultConfigurationIsVisible = 0;
			defaultConfigurationName = Release;
		};
		B910DDA620AD887F001925E8 /* Build configuration list for PBXNativeTarget "ChatScreenObjC" */ = {
			isa = XCConfigurationList;
			buildConfigurations = (
				B910DDA720AD887F001925E8 /* Debug */,
				B910DDA820AD887F001925E8 /* Release */,
			);
			defaultConfigurationIsVisible = 0;
			defaultConfigurationName = Release;
		};
/* End XCConfigurationList section */
	};
	rootObject = B910DD8820AD887E001925E8 /* Project object */;
}
